
Microsoft Visual Studio Solution File, Format Version 12.00
# Visual Studio Version 16
VisualStudioVersion = 16.0.29709.97
MinimumVisualStudioVersion = 10.0.40219.1
Project("{FAE04EC0-301F-11D3-BF4B-00C04F79EFBC}") = "WifiLedController", "WifiLedController\WifiLedController.csproj", "{509161E2-12A5-4717-8676-A18A05308642}"
EndProject
Project("{2150E333-8FDC-42A3-9474-1A3956D46DE8}") = "Solution Items", "Solution Items", "{89CD28E5-3130-4362-97B2-C1CE26D9F58C}"
	ProjectSection(SolutionItems) = preProject
		Settings.xsd = Settings.xsd
	EndProjectSection
EndProject
Global
	GlobalSection(SolutionConfigurationPlatforms) = preSolution
		Debug|Any CPU = Debug|Any CPU
		Release|Any CPU = Release|Any CPU
	EndGlobalSection
	GlobalSection(ProjectConfigurationPlatforms) = postSolution
		{509161E2-12A5-4717-8676-A18A05308642}.Debug|Any CPU.ActiveCfg = Debug|Any CPU
		{509161E2-12A5-4717-8676-A18A05308642}.Debug|Any CPU.Build.0 = Debug|Any CPU
		{509161E2-12A5-4717-8676-A18A05308642}.Release|Any CPU.ActiveCfg = Release|Any CPU
		{509161E2-12A5-4717-8676-A18A05308642}.Release|Any CPU.Build.0 = Release|Any CPU
	EndGlobalSection
	GlobalSection(SolutionProperties) = preSolution
		HideSolutionNode = FALSE
	EndGlobalSection
	GlobalSection(ExtensibilityGlobals) = postSolution
		SolutionGuid = {5A98D86B-DA44-4023-8D36-4A3000741C33}
	EndGlobalSection
EndGlobal
